{
  "name": "minarun-core",
  "version": "0.0.3",
  "lockfileVersion": 3,
  "requires": true,
  "packages": {
    "": {
      "name": "minarun-core",
      "version": "0.0.3",
      "devDependencies": {
        "minarun-core": "0.0.3"
      }
    },
    "node_modules/minarun-core": {
      "version": "0.0.3",
      "resolved": "https://registry.npmjs.org/minarun-core/-/minarun-core-0.0.3.tgz",
      "integrity": "sha512-AN2dHhtUDggBCZS5UNkhUV6a+xPThhnaEbJCLqJiw1He/JuY1TFQfRaCxzRMtyndluUncC5VUPaEvu91wfOt9Q==",
      "dev": true
    }
  }
}
